<?xml version="1.0" encoding="utf-8"?>
<Project ToolsVersion="4.0" xmlns="http://schemas.microsoft.com/developer/msbuild/2003">
  <ItemGroup>
    <Filter Include="Source Files">
      <UniqueIdentifier>{4FC737F1-C7A5-4376-A066-2A32D752A2FF}</UniqueIdentifier>
      <Extensions>cpp;c;cc;cxx;c++;cppm;ixx;def;odl;idl;hpj;bat;asm;asmx</Extensions>
    </Filter>
    <Filter Include="Header Files">
      <UniqueIdentifier>{93995380-89BD-4b04-88EB-625FBE52EBFB}</UniqueIdentifier>
      <Extensions>h;hh;hpp;hxx;h++;hm;inl;inc;ipp;xsd</Extensions>
    </Filter>
    <Filter Include="Resource Files">
      <UniqueIdentifier>{67DA6AB6-F800-4c08-8B7A-83BB121AAD01}</UniqueIdentifier>
      <Extensions>rc;ico;cur;bmp;dlg;rc2;rct;bin;rgs;gif;jpg;jpeg;jpe;resx;tiff;tif;png;wav;mfcribbon-ms</Extensions>
    </Filter>
  </ItemGroup>
  <ItemGroup>
    <ClCompile Include="Template.cpp">
      <Filter>Source Files</Filter>
    </ClCompile>
    <ClCompile Include="Core\Model\Vertex.cpp">
      <Filter>Source Files</Filter>
    </ClCompile>
    <ClCompile Include="Core\Shader\Shaders.cpp">
      <Filter>Source Files</Filter>
    </ClCompile>
    <ClCompile Include="Components\CameraComponent.cpp">
      <Filter>Source Files</Filter>
    </ClCompile>
    <ClCompile Include="Core\Helpers.cpp">
      <Filter>Source Files</Filter>
    </ClCompile>
    <ClCompile Include="Systems\WorldSystem.cpp">
      <Filter>Source Files</Filter>
    </ClCompile>
    <ClCompile Include="Entities\Entity.cpp">
      <Filter>Source Files</Filter>
    </ClCompile>
    <ClCompile Include="Components\PlayerControllerComponent.cpp">
      <Filter>Source Files</Filter>
    </ClCompile>
    <ClCompile Include="glad.c">
      <Filter>Source Files</Filter>
    </ClCompile>
    <ClCompile Include="Data\BoxRenderingData.cpp">
      <Filter>Source Files</Filter>
    </ClCompile>
    <ClCompile Include="Systems\RenderingSystem.cpp">
      <Filter>Source Files</Filter>
    </ClCompile>
    <ClCompile Include="Data\SphereRenderingData.cpp">
      <Filter>Source Files</Filter>
    </ClCompile>
    <ClCompile Include="Systems\SphereSystem.cpp">
      <Filter>Source Files</Filter>
    </ClCompile>
    <ClCompile Include="Core\CollisionTreeNode.cpp">
      <Filter>Source Files</Filter>
    </ClCompile>
    <ClCompile Include="Entities\Player.cpp">
      <Filter>Source Files</Filter>
    </ClCompile>
    <ClCompile Include="Components\TransformComponent.cpp">
      <Filter>Source Files</Filter>
    </ClCompile>
    <ClCompile Include="Components\Component.cpp">
      <Filter>Source Files</Filter>
    </ClCompile>
    <ClCompile Include="Components\CollisionComponent.cpp">
      <Filter>Source Files</Filter>
    </ClCompile>
    <ClCompile Include="Components\MeshComponent.cpp">
      <Filter>Source Files</Filter>
    </ClCompile>
    <ClCompile Include="Components\RainEmitterComponent.cpp">
      <Filter>Source Files</Filter>
    </ClCompile>
    <ClCompile Include="Data\PlaneRenderingData.cpp">
      <Filter>Source Files</Filter>
    </ClCompile>
    <ClCompile Include="Entities\RainEntity.cpp">
      <Filter>Source Files</Filter>
    </ClCompile>
    <ClCompile Include="Components\VelocityComponent.cpp">
      <Filter>Source Files</Filter>
    </ClCompile>
    <ClCompile Include="Entities\StaticEntity.cpp">
      <Filter>Source Files</Filter>
    </ClCompile>
    <ClCompile Include="Components\CollisionNodeComponent.cpp">
      <Filter>Source Files</Filter>
    </ClCompile>
    <ClCompile Include="Entities\BallEntity.cpp">
      <Filter>Source Files</Filter>
    </ClCompile>
    <ClCompile Include="Entities\StaticEmitterEntity.cpp">
      <Filter>Source Files</Filter>
    </ClCompile>
    <ClCompile Include="Systems\VelocitySystem.cpp">
      <Filter>Source Files</Filter>
    </ClCompile>
    <ClCompile Include="Components\KillComponent.cpp">
      <Filter>Source Files</Filter>
    </ClCompile>
    <ClCompile Include="Systems\KillSystem.cpp">
      <Filter>Source Files</Filter>
    </ClCompile>
    <ClCompile Include="Entities\BoxEntity.cpp">
      <Filter>Source Files</Filter>
    </ClCompile>
  </ItemGroup>
  <ItemGroup>
    <ClInclude Include="includes\GLFW\glfw3.h">
      <Filter>Header Files</Filter>
    </ClInclude>
    <ClInclude Include="includes\GLFW\glfw3native.h">
      <Filter>Header Files</Filter>
    </ClInclude>
    <ClInclude Include="includes\KHR\khrplatform.h">
      <Filter>Header Files</Filter>
    </ClInclude>
    <ClInclude Include="includes\assimp\Bitmap.h">
      <Filter>Header Files</Filter>
    </ClInclude>
    <ClInclude Include="includes\glm\mat4x3.hpp">
      <Filter>Header Files</Filter>
    </ClInclude>
    <ClInclude Include="Core\Model\Vertex.h">
      <Filter>Header Files</Filter>
    </ClInclude>
    <ClInclude Include="Core\Shader\Shaders.h">
      <Filter>Header Files</Filter>
    </ClInclude>
    <ClInclude Include="Components\CameraComponent.h">
      <Filter>Header Files</Filter>
    </ClInclude>
    <ClInclude Include="Core\Helpers.h">
      <Filter>Header Files</Filter>
    </ClInclude>
    <ClInclude Include="Systems\WorldSystem.h">
      <Filter>Header Files</Filter>
    </ClInclude>
    <ClInclude Include="Entities\Entity.h">
      <Filter>Header Files</Filter>
    </ClInclude>
    <ClInclude Include="Components\PlayerControllerComponent.h">
      <Filter>Header Files</Filter>
    </ClInclude>
    <ClInclude Include="Data\BoxRenderingData.h">
      <Filter>Header Files</Filter>
    </ClInclude>
    <ClInclude Include="Systems\RenderingSystem.h">
      <Filter>Header Files</Filter>
    </ClInclude>
    <ClInclude Include="Data\SphereRenderingData.h">
      <Filter>Header Files</Filter>
    </ClInclude>
    <ClInclude Include="Systems\SphereSystem.h">
      <Filter>Header Files</Filter>
    </ClInclude>
    <ClInclude Include="Core\CollisionTreeNode.h">
      <Filter>Header Files</Filter>
    </ClInclude>
    <ClInclude Include="Entities\Player.h">
      <Filter>Header Files</Filter>
    </ClInclude>
    <ClInclude Include="Components\TransformComponent.h">
      <Filter>Header Files</Filter>
    </ClInclude>
    <ClInclude Include="Components\Component.h">
      <Filter>Header Files</Filter>
    </ClInclude>
    <ClInclude Include="Components\CollisionComponent.h">
      <Filter>Header Files</Filter>
    </ClInclude>
    <ClInclude Include="Components\MeshComponent.h">
      <Filter>Header Files</Filter>
    </ClInclude>
    <ClInclude Include="Components\RainEmitterComponent.h">
      <Filter>Header Files</Filter>
    </ClInclude>
    <ClInclude Include="Data\PlaneRenderingData.h">
      <Filter>Header Files</Filter>
    </ClInclude>
    <ClInclude Include="Entities\RainEntity.h">
      <Filter>Header Files</Filter>
    </ClInclude>
    <ClInclude Include="Components\VelocityComponent.h">
      <Filter>Header Files</Filter>
    </ClInclude>
    <ClInclude Include="Entities\StaticEntity.h">
      <Filter>Header Files</Filter>
    </ClInclude>
    <ClInclude Include="Components\CollisionNodeComponent.h">
      <Filter>Header Files</Filter>
    </ClInclude>
    <ClInclude Include="Entities\BallEntity.h">
      <Filter>Header Files</Filter>
    </ClInclude>
    <ClInclude Include="Entities\StaticEmitterEntity.h">
      <Filter>Header Files</Filter>
    </ClInclude>
    <ClInclude Include="Systems\VelocitySystem.h">
      <Filter>Header Files</Filter>
    </ClInclude>
    <ClInclude Include="Components\KillComponent.h">
      <Filter>Header Files</Filter>
    </ClInclude>
    <ClInclude Include="Systems\KillSystem.h">
      <Filter>Header Files</Filter>
    </ClInclude>
    <ClInclude Include="Entities\BoxEntity.h">
      <Filter>Header Files</Filter>
    </ClInclude>
  </ItemGroup>
  <ItemGroup>
    <Library Include="Dependency\libs\assimp-vc143-mt.lib" />
    <Library Include="Dependency\libs\assimp-vc143-mtd.lib" />
    <Library Include="Dependency\libs\glfw3.lib" />
    <Library Include="Dependency\libs\glfw3_mt.lib" />
    <Library Include="Dependency\libs\glfw3dll.lib" />
  </ItemGroup>
  <ItemGroup>
    <None Include="Core\Shader\FragmentShader.frag" />
    <None Include="Core\Shader\VertexShader.vert" />
  </ItemGroup>
  <ItemGroup>
    <Text Include="Assets\vsim_las.txt" />
  </ItemGroup>
</Project>